<?xml version="1.0" encoding="utf-8"?>
<Project ToolsVersion="4.0" xmlns="http://schemas.microsoft.com/developer/msbuild/2003">
  <ItemGroup>
    <ClCompile Include="Css.cpp">
      <Filter>Source Files</Filter>
    </ClCompile>
    <ClCompile Include="Driver.cpp">
      <Filter>Source Files</Filter>
    </ClCompile>
    <ClCompile Include="JsParser.cpp">
      <Filter>Source Files</Filter>
    </ClCompile>
    <ClCompile Include="Library.cpp">
      <Filter>Source Files</Filter>
    </ClCompile>
    <ClCompile Include="Media.cpp">
      <Filter>Source Files</Filter>
    </ClCompile>
    <ClCompile Include="Name.cpp">
      <Filter>Source Files</Filter>
    </ClCompile>
    <ClCompile Include="NameStrings.cpp">
      <Filter>Source Files</Filter>
    </ClCompile>
    <ClCompile Include="Parser.cpp">
      <Filter>Source Files</Filter>
    </ClCompile>
    <ClCompile Include="secp256r1.cpp">
      <Filter>Source Files</Filter>
    </ClCompile>
    <ClCompile Include="Storage.cpp">
      <Filter>Source Files</Filter>
    </ClCompile>
    <ClCompile Include="Stream.cpp">
      <Filter>Source Files</Filter>
    </ClCompile>
    <ClCompile Include="SYNC.cpp">
      <Filter>Source Files</Filter>
    </ClCompile>
    <ClCompile Include="Visual.cpp">
      <Filter>Source Files</Filter>
    </ClCompile>
    <ClCompile Include="WebParser.cpp">
      <Filter>Source Files</Filter>
    </ClCompile>
    <ClCompile Include="X509.cpp">
      <Filter>Source Files</Filter>
    </ClCompile>
    <ClCompile Include="x25519.cpp">
      <Filter>Source Files</Filter>
    </ClCompile>
  </ItemGroup>
  <ItemGroup>
    <ClInclude Include="BaseNames.h">
      <Filter>Header Files</Filter>
    </ClInclude>
    <ClInclude Include="Crypto.h">
      <Filter>Header Files</Filter>
    </ClInclude>
    <ClInclude Include="Css.h">
      <Filter>Header Files</Filter>
    </ClInclude>
    <ClInclude Include="Driver.h">
      <Filter>Header Files</Filter>
    </ClInclude>
    <ClInclude Include="HttpClient.h">
      <Filter>Header Files</Filter>
    </ClInclude>
    <ClInclude Include="JsParser.h">
      <Filter>Header Files</Filter>
    </ClInclude>
    <ClInclude Include="Memory.h">
      <Filter>Header Files</Filter>
    </ClInclude>
    <ClInclude Include="Name.h">
      <Filter>Header Files</Filter>
    </ClInclude>
    <ClInclude Include="MkvParser.h">
      <Filter>Header Files</Filter>
    </ClInclude>
    <ClInclude Include="pch.h">
      <Filter>Header Files</Filter>
    </ClInclude>
    <ClInclude Include="RTMP.h">
      <Filter>Header Files</Filter>
    </ClInclude>
    <ClInclude Include="RTSP.h">
      <Filter>Header Files</Filter>
    </ClInclude>
    <ClInclude Include="Scheduler.h">
      <Filter>Header Files</Filter>
    </ClInclude>
    <ClInclude Include="SDP.h">
      <Filter>Header Files</Filter>
    </ClInclude>
    <ClInclude Include="secp256r1.h">
      <Filter>Header Files</Filter>
    </ClInclude>
    <ClInclude Include="Signaling.h">
      <Filter>Header Files</Filter>
    </ClInclude>
    <ClInclude Include="Storage.h">
      <Filter>Header Files</Filter>
    </ClInclude>
    <ClInclude Include="Stream.h">
      <Filter>Header Files</Filter>
    </ClInclude>
    <ClInclude Include="TLS.h">
      <Filter>Header Files</Filter>
    </ClInclude>
    <ClInclude Include="Types.h">
      <Filter>Header Files</Filter>
    </ClInclude>
    <ClInclude Include="Visual.h">
      <Filter>Header Files</Filter>
    </ClInclude>
    <ClInclude Include="WebParser.h">
      <Filter>Header Files</Filter>
    </ClInclude>
    <ClInclude Include="Webrtc.h">
      <Filter>Header Files</Filter>
    </ClInclude>
    <ClInclude Include="X509.h">
      <Filter>Header Files</Filter>
    </ClInclude>
    <ClInclude Include="ecc_curve_defs.h">
      <Filter>Header Files</Filter>
    </ClInclude>
    <ClInclude Include="Parser.h">
      <Filter>Header Files</Filter>
    </ClInclude>
    <ClInclude Include="Socket.h">
      <Filter>Header Files</Filter>
    </ClInclude>
    <ClInclude Include="SYNC.h">
      <Filter>Header Files</Filter>
    </ClInclude>
  </ItemGroup>
  <ItemGroup>
    <Filter Include="Header Files">
      <UniqueIdentifier>{a37de897-0648-48df-8cec-421a53aa507a}</UniqueIdentifier>
    </Filter>
    <Filter Include="Source Files">
      <UniqueIdentifier>{f8db9cc3-fc6d-4d17-aaad-35dc02a8e3be}</UniqueIdentifier>
    </Filter>
    <Filter Include="Driver Files">
      <UniqueIdentifier>{b9425bd2-93b1-4f17-a9ec-c232bad20fb6}</UniqueIdentifier>
    </Filter>
  </ItemGroup>
  <ItemGroup>
    <Inf Include="cwitch.inf">
      <Filter>Driver Files</Filter>
    </Inf>
  </ItemGroup>
</Project>